
Microsoft Visual Studio Solution File, Format Version 12.00
# Visual Studio Version 16
VisualStudioVersion = 16.0.30803.129
MinimumVisualStudioVersion = 10.0.40219.1
Project("{9A19103F-16F7-4668-BE54-9A1E7A4F7556}") = "Lidar_Delta-2A", "serialPortStd\Lidar_Delta-2A.csproj", "{912EEFD7-469D-455D-9B41-2B448C8AE7B6}"
EndProject
Global
	GlobalSection(SolutionConfigurationPlatforms) = preSolution
		Debug|Any CPU = Debug|Any CPU
		Release|Any CPU = Release|Any CPU
	EndGlobalSection
	GlobalSection(ProjectConfigurationPlatforms) = postSolution
		{912EEFD7-469D-455D-9B41-2B448C8AE7B6}.Debug|Any CPU.ActiveCfg = Debug|Any CPU
		{912EEFD7-469D-455D-9B41-2B448C8AE7B6}.Debug|Any CPU.Build.0 = Debug|Any CPU
		{912EEFD7-469D-455D-9B41-2B448C8AE7B6}.Release|Any CPU.ActiveCfg = Release|Any CPU
		{912EEFD7-469D-455D-9B41-2B448C8AE7B6}.Release|Any CPU.Build.0 = Release|Any CPU
	EndGlobalSection
	GlobalSection(SolutionProperties) = preSolution
		HideSolutionNode = FALSE
	EndGlobalSection
	GlobalSection(ExtensibilityGlobals) = postSolution
		SolutionGuid = {94E035E1-8336-4534-AE38-8C8BD682B298}
	EndGlobalSection
EndGlobal
